Microsoft Visual Studio Solution File, Format Version 12.00
# Visual Studio Version 17
VisualStudioVersion = 17.5.2.0
MinimumVisualStudioVersion = 10.0.40219.1
Project("{FAE04EC0-301F-11D3-BF4B-00C04F79EFBC}") = "Cratis.Templates", "Cratis.Templates.csproj", "{5FCFCB33-DF91-E57D-717D-4975D6CF0492}"
EndProject
Project("{2150E333-8FDC-42A3-9474-1A3956D46DE8}") = "Cratis", "Cratis", "{40D4DFA2-8C70-28A5-BC43-19E1770C16B0}"
EndProject
Project("{FAE04EC0-301F-11D3-BF4B-00C04F79EFBC}") = "CratisApp", "Cratis\CratisApp.csproj", "{B0896570-BA9B-CAAF-165C-F0F4D2ADC5B7}"
EndProject
Global
	GlobalSection(SolutionConfigurationPlatforms) = preSolution
		Debug|Any CPU = Debug|Any CPU
		Release|Any CPU = Release|Any CPU
	EndGlobalSection
	GlobalSection(ProjectConfigurationPlatforms) = postSolution
		{5FCFCB33-DF91-E57D-717D-4975D6CF0492}.Debug|Any CPU.ActiveCfg = Debug|Any CPU
		{5FCFCB33-DF91-E57D-717D-4975D6CF0492}.Debug|Any CPU.Build.0 = Debug|Any CPU
		{5FCFCB33-DF91-E57D-717D-4975D6CF0492}.Release|Any CPU.ActiveCfg = Release|Any CPU
		{5FCFCB33-DF91-E57D-717D-4975D6CF0492}.Release|Any CPU.Build.0 = Release|Any CPU
		{B0896570-BA9B-CAAF-165C-F0F4D2ADC5B7}.Debug|Any CPU.ActiveCfg = Debug|Any CPU
		{B0896570-BA9B-CAAF-165C-F0F4D2ADC5B7}.Debug|Any CPU.Build.0 = Debug|Any CPU
		{B0896570-BA9B-CAAF-165C-F0F4D2ADC5B7}.Release|Any CPU.ActiveCfg = Release|Any CPU
		{B0896570-BA9B-CAAF-165C-F0F4D2ADC5B7}.Release|Any CPU.Build.0 = Release|Any CPU
	EndGlobalSection
	GlobalSection(SolutionProperties) = preSolution
		HideSolutionNode = FALSE
	EndGlobalSection
	GlobalSection(NestedProjects) = preSolution
		{B0896570-BA9B-CAAF-165C-F0F4D2ADC5B7} = {40D4DFA2-8C70-28A5-BC43-19E1770C16B0}
	EndGlobalSection
	GlobalSection(ExtensibilityGlobals) = postSolution
		SolutionGuid = {DC2C350A-D240-45AC-A7CA-C59731074F77}
	EndGlobalSection
EndGlobal
